
Microsoft Visual Studio Solution File, Format Version 12.00
# Visual Studio 14
VisualStudioVersion = 14.0.25420.1
MinimumVisualStudioVersion = 10.0.40219.1
Project("{8BC9CEB8-8B4A-11D0-8D11-00A0C91BC942}") = "RayTracer", "OpenClTesting\OpenClTesting.vcxproj", "{19CAAA9D-BFC9-4DF8-AE77-E52940312907}"
EndProject
Project("{2150E333-8FDC-42A3-9474-1A3956D46DE8}") = "Solution Items", "Solution Items", "{C7C32FC6-522E-4018-975D-6EA79BEB4A33}"
	ProjectSection(SolutionItems) = preProject
		README.md = README.md
	EndProjectSection
EndProject
Project("{8BC9CEB8-8B4A-11D0-8D11-00A0C91BC942}") = "GameEngine", "GameEngine\GameEngine.vcxproj", "{F49328F6-FF1A-4A4C-8E54-C6F2904F7357}"
	ProjectSection(ProjectDependencies) = postProject
		{19CAAA9D-BFC9-4DF8-AE77-E52940312907} = {19CAAA9D-BFC9-4DF8-AE77-E52940312907}
	EndProjectSection
EndProject
Project("{8BC9CEB8-8B4A-11D0-8D11-00A0C91BC942}") = "GameServer", "GameServer\GameServer.vcxproj", "{C4392615-83B4-4D6A-AF70-E50CF9CAF9F1}"
	ProjectSection(ProjectDependencies) = postProject
		{19CAAA9D-BFC9-4DF8-AE77-E52940312907} = {19CAAA9D-BFC9-4DF8-AE77-E52940312907}
		{F49328F6-FF1A-4A4C-8E54-C6F2904F7357} = {F49328F6-FF1A-4A4C-8E54-C6F2904F7357}
	EndProjectSection
EndProject
Project("{8BC9CEB8-8B4A-11D0-8D11-00A0C91BC942}") = "Game", "Game\Game.vcxproj", "{29EC081B-D3DF-4A9D-9589-EE6E58A022B3}"
	ProjectSection(ProjectDependencies) = postProject
		{19CAAA9D-BFC9-4DF8-AE77-E52940312907} = {19CAAA9D-BFC9-4DF8-AE77-E52940312907}
		{F49328F6-FF1A-4A4C-8E54-C6F2904F7357} = {F49328F6-FF1A-4A4C-8E54-C6F2904F7357}
	EndProjectSection
EndProject
Project("{8BC9CEB8-8B4A-11D0-8D11-00A0C91BC942}") = "GameLauncher", "GameLauncher\GameLauncher.vcxproj", "{AC616C67-3EE2-4047-9FC9-C36DF3E8241C}"
	ProjectSection(ProjectDependencies) = postProject
		{29EC081B-D3DF-4A9D-9589-EE6E58A022B3} = {29EC081B-D3DF-4A9D-9589-EE6E58A022B3}
	EndProjectSection
EndProject
Global
	GlobalSection(SolutionConfigurationPlatforms) = preSolution
		Debug|x64 = Debug|x64
		Debug|x86 = Debug|x86
		Release|x64 = Release|x64
		Release|x86 = Release|x86
	EndGlobalSection
	GlobalSection(ProjectConfigurationPlatforms) = postSolution
		{19CAAA9D-BFC9-4DF8-AE77-E52940312907}.Debug|x64.ActiveCfg = Debug|x64
		{19CAAA9D-BFC9-4DF8-AE77-E52940312907}.Debug|x64.Build.0 = Debug|x64
		{19CAAA9D-BFC9-4DF8-AE77-E52940312907}.Debug|x86.ActiveCfg = Debug|Win32
		{19CAAA9D-BFC9-4DF8-AE77-E52940312907}.Debug|x86.Build.0 = Debug|Win32
		{19CAAA9D-BFC9-4DF8-AE77-E52940312907}.Release|x64.ActiveCfg = Release|x64
		{19CAAA9D-BFC9-4DF8-AE77-E52940312907}.Release|x64.Build.0 = Release|x64
		{19CAAA9D-BFC9-4DF8-AE77-E52940312907}.Release|x64.Deploy.0 = Release|x64
		{19CAAA9D-BFC9-4DF8-AE77-E52940312907}.Release|x86.ActiveCfg = Release|Win32
		{19CAAA9D-BFC9-4DF8-AE77-E52940312907}.Release|x86.Build.0 = Release|Win32
		{F49328F6-FF1A-4A4C-8E54-C6F2904F7357}.Debug|x64.ActiveCfg = Debug|x64
		{F49328F6-FF1A-4A4C-8E54-C6F2904F7357}.Debug|x64.Build.0 = Debug|x64
		{F49328F6-FF1A-4A4C-8E54-C6F2904F7357}.Debug|x86.ActiveCfg = Debug|Win32
		{F49328F6-FF1A-4A4C-8E54-C6F2904F7357}.Debug|x86.Build.0 = Debug|Win32
		{F49328F6-FF1A-4A4C-8E54-C6F2904F7357}.Release|x64.ActiveCfg = Release|x64
		{F49328F6-FF1A-4A4C-8E54-C6F2904F7357}.Release|x64.Build.0 = Release|x64
		{F49328F6-FF1A-4A4C-8E54-C6F2904F7357}.Release|x86.ActiveCfg = Release|Win32
		{F49328F6-FF1A-4A4C-8E54-C6F2904F7357}.Release|x86.Build.0 = Release|Win32
		{C4392615-83B4-4D6A-AF70-E50CF9CAF9F1}.Debug|x64.ActiveCfg = Debug|x64
		{C4392615-83B4-4D6A-AF70-E50CF9CAF9F1}.Debug|x64.Build.0 = Debug|x64
		{C4392615-83B4-4D6A-AF70-E50CF9CAF9F1}.Debug|x86.ActiveCfg = Debug|Win32
		{C4392615-83B4-4D6A-AF70-E50CF9CAF9F1}.Debug|x86.Build.0 = Debug|Win32
		{C4392615-83B4-4D6A-AF70-E50CF9CAF9F1}.Release|x64.ActiveCfg = Release|x64
		{C4392615-83B4-4D6A-AF70-E50CF9CAF9F1}.Release|x64.Build.0 = Release|x64
		{C4392615-83B4-4D6A-AF70-E50CF9CAF9F1}.Release|x86.ActiveCfg = Release|Win32
		{C4392615-83B4-4D6A-AF70-E50CF9CAF9F1}.Release|x86.Build.0 = Release|Win32
		{29EC081B-D3DF-4A9D-9589-EE6E58A022B3}.Debug|x64.ActiveCfg = Debug|x64
		{29EC081B-D3DF-4A9D-9589-EE6E58A022B3}.Debug|x64.Build.0 = Debug|x64
		{29EC081B-D3DF-4A9D-9589-EE6E58A022B3}.Debug|x86.ActiveCfg = Debug|Win32
		{29EC081B-D3DF-4A9D-9589-EE6E58A022B3}.Debug|x86.Build.0 = Debug|Win32
		{29EC081B-D3DF-4A9D-9589-EE6E58A022B3}.Release|x64.ActiveCfg = Release|x64
		{29EC081B-D3DF-4A9D-9589-EE6E58A022B3}.Release|x64.Build.0 = Release|x64
		{29EC081B-D3DF-4A9D-9589-EE6E58A022B3}.Release|x86.ActiveCfg = Release|Win32
		{29EC081B-D3DF-4A9D-9589-EE6E58A022B3}.Release|x86.Build.0 = Release|Win32
		{AC616C67-3EE2-4047-9FC9-C36DF3E8241C}.Debug|x64.ActiveCfg = Debug|x64
		{AC616C67-3EE2-4047-9FC9-C36DF3E8241C}.Debug|x64.Build.0 = Debug|x64
		{AC616C67-3EE2-4047-9FC9-C36DF3E8241C}.Debug|x86.ActiveCfg = Debug|Win32
		{AC616C67-3EE2-4047-9FC9-C36DF3E8241C}.Debug|x86.Build.0 = Debug|Win32
		{AC616C67-3EE2-4047-9FC9-C36DF3E8241C}.Release|x64.ActiveCfg = Release|x64
		{AC616C67-3EE2-4047-9FC9-C36DF3E8241C}.Release|x64.Build.0 = Release|x64
		{AC616C67-3EE2-4047-9FC9-C36DF3E8241C}.Release|x86.ActiveCfg = Release|Win32
		{AC616C67-3EE2-4047-9FC9-C36DF3E8241C}.Release|x86.Build.0 = Release|Win32
	EndGlobalSection
	GlobalSection(SolutionProperties) = preSolution
		HideSolutionNode = FALSE
	EndGlobalSection
EndGlobal
