Microsoft Visual Studio Solution File, Format Version 12.00
# Visual Studio 14
Project("{8BC9CEB8-8B4A-11D0-8D11-00A0C91BC942}") = "ALL_BUILD", "ALL_BUILD.vcxproj", "{FD5D8BB9-BBAC-4FF9-8959-02170F1A417D}"
	ProjectSection(ProjectDependencies) = postProject
		{AE616210-C5A0-4E19-BA4B-08C2B0F7D1FC} = {AE616210-C5A0-4E19-BA4B-08C2B0F7D1FC}
		{FA50DAE5-D12D-445E-BFAC-BE50B9F3B9C7} = {FA50DAE5-D12D-445E-BFAC-BE50B9F3B9C7}
		{9D9DEC57-E97B-4D3C-88A4-8EDFD1BE526A} = {9D9DEC57-E97B-4D3C-88A4-8EDFD1BE526A}
		{8A09C474-D3B3-494F-98CC-FBB479DB0E46} = {8A09C474-D3B3-494F-98CC-FBB479DB0E46}
		{67713350-FA32-4905-A525-05226AD6571C} = {67713350-FA32-4905-A525-05226AD6571C}
		{6AFC82B5-9350-4E96-A1EC-28053EA919F9} = {6AFC82B5-9350-4E96-A1EC-28053EA919F9}
		{12E329FB-72C4-4D04-9904-F1315BCD378A} = {12E329FB-72C4-4D04-9904-F1315BCD378A}
		{89188C7D-963D-46FA-92A3-3A6919D25356} = {89188C7D-963D-46FA-92A3-3A6919D25356}
		{D2A07189-A9A3-4ABB-BA6C-9065A3F885C9} = {D2A07189-A9A3-4ABB-BA6C-9065A3F885C9}
		{300F70EA-4406-4E9A-9F9F-5DE3F3F778CA} = {300F70EA-4406-4E9A-9F9F-5DE3F3F778CA}
		{6E684320-D046-42AD-92D4-6076365652FA} = {6E684320-D046-42AD-92D4-6076365652FA}
		{6FD19846-CC59-4F15-A588-0C9B3C1C3B67} = {6FD19846-CC59-4F15-A588-0C9B3C1C3B67}
	EndProjectSection
EndProject
Project("{8BC9CEB8-8B4A-11D0-8D11-00A0C91BC942}") = "Bullet2FileLoader", "src\Bullet3Serialize\Bullet2FileLoader\Bullet2FileLoader.vcxproj", "{AE616210-C5A0-4E19-BA4B-08C2B0F7D1FC}"
	ProjectSection(ProjectDependencies) = postProject
		{6FD19846-CC59-4F15-A588-0C9B3C1C3B67} = {6FD19846-CC59-4F15-A588-0C9B3C1C3B67}
	EndProjectSection
EndProject
Project("{8BC9CEB8-8B4A-11D0-8D11-00A0C91BC942}") = "Bullet3Collision", "src\Bullet3Collision\Bullet3Collision.vcxproj", "{FA50DAE5-D12D-445E-BFAC-BE50B9F3B9C7}"
	ProjectSection(ProjectDependencies) = postProject
		{6FD19846-CC59-4F15-A588-0C9B3C1C3B67} = {6FD19846-CC59-4F15-A588-0C9B3C1C3B67}
	EndProjectSection
EndProject
Project("{8BC9CEB8-8B4A-11D0-8D11-00A0C91BC942}") = "Bullet3Common", "src\Bullet3Common\Bullet3Common.vcxproj", "{9D9DEC57-E97B-4D3C-88A4-8EDFD1BE526A}"
	ProjectSection(ProjectDependencies) = postProject
		{6FD19846-CC59-4F15-A588-0C9B3C1C3B67} = {6FD19846-CC59-4F15-A588-0C9B3C1C3B67}
	EndProjectSection
EndProject
Project("{8BC9CEB8-8B4A-11D0-8D11-00A0C91BC942}") = "Bullet3Dynamics", "src\Bullet3Dynamics\Bullet3Dynamics.vcxproj", "{8A09C474-D3B3-494F-98CC-FBB479DB0E46}"
	ProjectSection(ProjectDependencies) = postProject
		{6FD19846-CC59-4F15-A588-0C9B3C1C3B67} = {6FD19846-CC59-4F15-A588-0C9B3C1C3B67}
	EndProjectSection
EndProject
Project("{8BC9CEB8-8B4A-11D0-8D11-00A0C91BC942}") = "Bullet3Geometry", "src\Bullet3Geometry\Bullet3Geometry.vcxproj", "{67713350-FA32-4905-A525-05226AD6571C}"
	ProjectSection(ProjectDependencies) = postProject
		{6FD19846-CC59-4F15-A588-0C9B3C1C3B67} = {6FD19846-CC59-4F15-A588-0C9B3C1C3B67}
	EndProjectSection
EndProject
Project("{8BC9CEB8-8B4A-11D0-8D11-00A0C91BC942}") = "Bullet3OpenCL_clew", "src\Bullet3OpenCL\Bullet3OpenCL_clew.vcxproj", "{6AFC82B5-9350-4E96-A1EC-28053EA919F9}"
	ProjectSection(ProjectDependencies) = postProject
		{6FD19846-CC59-4F15-A588-0C9B3C1C3B67} = {6FD19846-CC59-4F15-A588-0C9B3C1C3B67}
	EndProjectSection
EndProject
Project("{8BC9CEB8-8B4A-11D0-8D11-00A0C91BC942}") = "BulletCollision", "src\BulletCollision\BulletCollision.vcxproj", "{12E329FB-72C4-4D04-9904-F1315BCD378A}"
	ProjectSection(ProjectDependencies) = postProject
		{6FD19846-CC59-4F15-A588-0C9B3C1C3B67} = {6FD19846-CC59-4F15-A588-0C9B3C1C3B67}
	EndProjectSection
EndProject
Project("{8BC9CEB8-8B4A-11D0-8D11-00A0C91BC942}") = "BulletDynamics", "src\BulletDynamics\BulletDynamics.vcxproj", "{89188C7D-963D-46FA-92A3-3A6919D25356}"
	ProjectSection(ProjectDependencies) = postProject
		{6FD19846-CC59-4F15-A588-0C9B3C1C3B67} = {6FD19846-CC59-4F15-A588-0C9B3C1C3B67}
	EndProjectSection
EndProject
Project("{8BC9CEB8-8B4A-11D0-8D11-00A0C91BC942}") = "BulletInverseDynamics", "src\BulletInverseDynamics\BulletInverseDynamics.vcxproj", "{D2A07189-A9A3-4ABB-BA6C-9065A3F885C9}"
	ProjectSection(ProjectDependencies) = postProject
		{6FD19846-CC59-4F15-A588-0C9B3C1C3B67} = {6FD19846-CC59-4F15-A588-0C9B3C1C3B67}
	EndProjectSection
EndProject
Project("{8BC9CEB8-8B4A-11D0-8D11-00A0C91BC942}") = "BulletSoftBody", "src\BulletSoftBody\BulletSoftBody.vcxproj", "{300F70EA-4406-4E9A-9F9F-5DE3F3F778CA}"
	ProjectSection(ProjectDependencies) = postProject
		{6FD19846-CC59-4F15-A588-0C9B3C1C3B67} = {6FD19846-CC59-4F15-A588-0C9B3C1C3B67}
	EndProjectSection
EndProject
Project("{8BC9CEB8-8B4A-11D0-8D11-00A0C91BC942}") = "INSTALL", "INSTALL.vcxproj", "{07E012AB-A4DE-4519-AF77-5AA5F4EB7C19}"
	ProjectSection(ProjectDependencies) = postProject
		{FD5D8BB9-BBAC-4FF9-8959-02170F1A417D} = {FD5D8BB9-BBAC-4FF9-8959-02170F1A417D}
	EndProjectSection
EndProject
Project("{8BC9CEB8-8B4A-11D0-8D11-00A0C91BC942}") = "LinearMath", "src\LinearMath\LinearMath.vcxproj", "{6E684320-D046-42AD-92D4-6076365652FA}"
	ProjectSection(ProjectDependencies) = postProject
		{6FD19846-CC59-4F15-A588-0C9B3C1C3B67} = {6FD19846-CC59-4F15-A588-0C9B3C1C3B67}
	EndProjectSection
EndProject
Project("{8BC9CEB8-8B4A-11D0-8D11-00A0C91BC942}") = "ZERO_CHECK", "ZERO_CHECK.vcxproj", "{6FD19846-CC59-4F15-A588-0C9B3C1C3B67}"
	ProjectSection(ProjectDependencies) = postProject
	EndProjectSection
EndProject
Global
	GlobalSection(SolutionConfigurationPlatforms) = preSolution
		Debug|x64 = Debug|x64
		Release|x64 = Release|x64
		MinSizeRel|x64 = MinSizeRel|x64
		RelWithDebInfo|x64 = RelWithDebInfo|x64
	EndGlobalSection
	GlobalSection(ProjectConfigurationPlatforms) = postSolution
		{FD5D8BB9-BBAC-4FF9-8959-02170F1A417D}.Debug|x64.ActiveCfg = Debug|x64
		{FD5D8BB9-BBAC-4FF9-8959-02170F1A417D}.Debug|x64.Build.0 = Debug|x64
		{FD5D8BB9-BBAC-4FF9-8959-02170F1A417D}.Release|x64.ActiveCfg = Release|x64
		{FD5D8BB9-BBAC-4FF9-8959-02170F1A417D}.Release|x64.Build.0 = Release|x64
		{FD5D8BB9-BBAC-4FF9-8959-02170F1A417D}.MinSizeRel|x64.ActiveCfg = MinSizeRel|x64
		{FD5D8BB9-BBAC-4FF9-8959-02170F1A417D}.MinSizeRel|x64.Build.0 = MinSizeRel|x64
		{FD5D8BB9-BBAC-4FF9-8959-02170F1A417D}.RelWithDebInfo|x64.ActiveCfg = RelWithDebInfo|x64
		{FD5D8BB9-BBAC-4FF9-8959-02170F1A417D}.RelWithDebInfo|x64.Build.0 = RelWithDebInfo|x64
		{AE616210-C5A0-4E19-BA4B-08C2B0F7D1FC}.Debug|x64.ActiveCfg = Debug|x64
		{AE616210-C5A0-4E19-BA4B-08C2B0F7D1FC}.Debug|x64.Build.0 = Debug|x64
		{AE616210-C5A0-4E19-BA4B-08C2B0F7D1FC}.Release|x64.ActiveCfg = Release|x64
		{AE616210-C5A0-4E19-BA4B-08C2B0F7D1FC}.Release|x64.Build.0 = Release|x64
		{AE616210-C5A0-4E19-BA4B-08C2B0F7D1FC}.MinSizeRel|x64.ActiveCfg = MinSizeRel|x64
		{AE616210-C5A0-4E19-BA4B-08C2B0F7D1FC}.MinSizeRel|x64.Build.0 = MinSizeRel|x64
		{AE616210-C5A0-4E19-BA4B-08C2B0F7D1FC}.RelWithDebInfo|x64.ActiveCfg = RelWithDebInfo|x64
		{AE616210-C5A0-4E19-BA4B-08C2B0F7D1FC}.RelWithDebInfo|x64.Build.0 = RelWithDebInfo|x64
		{FA50DAE5-D12D-445E-BFAC-BE50B9F3B9C7}.Debug|x64.ActiveCfg = Debug|x64
		{FA50DAE5-D12D-445E-BFAC-BE50B9F3B9C7}.Debug|x64.Build.0 = Debug|x64
		{FA50DAE5-D12D-445E-BFAC-BE50B9F3B9C7}.Release|x64.ActiveCfg = Release|x64
		{FA50DAE5-D12D-445E-BFAC-BE50B9F3B9C7}.Release|x64.Build.0 = Release|x64
		{FA50DAE5-D12D-445E-BFAC-BE50B9F3B9C7}.MinSizeRel|x64.ActiveCfg = MinSizeRel|x64
		{FA50DAE5-D12D-445E-BFAC-BE50B9F3B9C7}.MinSizeRel|x64.Build.0 = MinSizeRel|x64
		{FA50DAE5-D12D-445E-BFAC-BE50B9F3B9C7}.RelWithDebInfo|x64.ActiveCfg = RelWithDebInfo|x64
		{FA50DAE5-D12D-445E-BFAC-BE50B9F3B9C7}.RelWithDebInfo|x64.Build.0 = RelWithDebInfo|x64
		{9D9DEC57-E97B-4D3C-88A4-8EDFD1BE526A}.Debug|x64.ActiveCfg = Debug|x64
		{9D9DEC57-E97B-4D3C-88A4-8EDFD1BE526A}.Debug|x64.Build.0 = Debug|x64
		{9D9DEC57-E97B-4D3C-88A4-8EDFD1BE526A}.Release|x64.ActiveCfg = Release|x64
		{9D9DEC57-E97B-4D3C-88A4-8EDFD1BE526A}.Release|x64.Build.0 = Release|x64
		{9D9DEC57-E97B-4D3C-88A4-8EDFD1BE526A}.MinSizeRel|x64.ActiveCfg = MinSizeRel|x64
		{9D9DEC57-E97B-4D3C-88A4-8EDFD1BE526A}.MinSizeRel|x64.Build.0 = MinSizeRel|x64
		{9D9DEC57-E97B-4D3C-88A4-8EDFD1BE526A}.RelWithDebInfo|x64.ActiveCfg = RelWithDebInfo|x64
		{9D9DEC57-E97B-4D3C-88A4-8EDFD1BE526A}.RelWithDebInfo|x64.Build.0 = RelWithDebInfo|x64
		{8A09C474-D3B3-494F-98CC-FBB479DB0E46}.Debug|x64.ActiveCfg = Debug|x64
		{8A09C474-D3B3-494F-98CC-FBB479DB0E46}.Debug|x64.Build.0 = Debug|x64
		{8A09C474-D3B3-494F-98CC-FBB479DB0E46}.Release|x64.ActiveCfg = Release|x64
		{8A09C474-D3B3-494F-98CC-FBB479DB0E46}.Release|x64.Build.0 = Release|x64
		{8A09C474-D3B3-494F-98CC-FBB479DB0E46}.MinSizeRel|x64.ActiveCfg = MinSizeRel|x64
		{8A09C474-D3B3-494F-98CC-FBB479DB0E46}.MinSizeRel|x64.Build.0 = MinSizeRel|x64
		{8A09C474-D3B3-494F-98CC-FBB479DB0E46}.RelWithDebInfo|x64.ActiveCfg = RelWithDebInfo|x64
		{8A09C474-D3B3-494F-98CC-FBB479DB0E46}.RelWithDebInfo|x64.Build.0 = RelWithDebInfo|x64
		{67713350-FA32-4905-A525-05226AD6571C}.Debug|x64.ActiveCfg = Debug|x64
		{67713350-FA32-4905-A525-05226AD6571C}.Debug|x64.Build.0 = Debug|x64
		{67713350-FA32-4905-A525-05226AD6571C}.Release|x64.ActiveCfg = Release|x64
		{67713350-FA32-4905-A525-05226AD6571C}.Release|x64.Build.0 = Release|x64
		{67713350-FA32-4905-A525-05226AD6571C}.MinSizeRel|x64.ActiveCfg = MinSizeRel|x64
		{67713350-FA32-4905-A525-05226AD6571C}.MinSizeRel|x64.Build.0 = MinSizeRel|x64
		{67713350-FA32-4905-A525-05226AD6571C}.RelWithDebInfo|x64.ActiveCfg = RelWithDebInfo|x64
		{67713350-FA32-4905-A525-05226AD6571C}.RelWithDebInfo|x64.Build.0 = RelWithDebInfo|x64
		{6AFC82B5-9350-4E96-A1EC-28053EA919F9}.Debug|x64.ActiveCfg = Debug|x64
		{6AFC82B5-9350-4E96-A1EC-28053EA919F9}.Debug|x64.Build.0 = Debug|x64
		{6AFC82B5-9350-4E96-A1EC-28053EA919F9}.Release|x64.ActiveCfg = Release|x64
		{6AFC82B5-9350-4E96-A1EC-28053EA919F9}.Release|x64.Build.0 = Release|x64
		{6AFC82B5-9350-4E96-A1EC-28053EA919F9}.MinSizeRel|x64.ActiveCfg = MinSizeRel|x64
		{6AFC82B5-9350-4E96-A1EC-28053EA919F9}.MinSizeRel|x64.Build.0 = MinSizeRel|x64
		{6AFC82B5-9350-4E96-A1EC-28053EA919F9}.RelWithDebInfo|x64.ActiveCfg = RelWithDebInfo|x64
		{6AFC82B5-9350-4E96-A1EC-28053EA919F9}.RelWithDebInfo|x64.Build.0 = RelWithDebInfo|x64
		{12E329FB-72C4-4D04-9904-F1315BCD378A}.Debug|x64.ActiveCfg = Debug|x64
		{12E329FB-72C4-4D04-9904-F1315BCD378A}.Debug|x64.Build.0 = Debug|x64
		{12E329FB-72C4-4D04-9904-F1315BCD378A}.Release|x64.ActiveCfg = Release|x64
		{12E329FB-72C4-4D04-9904-F1315BCD378A}.Release|x64.Build.0 = Release|x64
		{12E329FB-72C4-4D04-9904-F1315BCD378A}.MinSizeRel|x64.ActiveCfg = MinSizeRel|x64
		{12E329FB-72C4-4D04-9904-F1315BCD378A}.MinSizeRel|x64.Build.0 = MinSizeRel|x64
		{12E329FB-72C4-4D04-9904-F1315BCD378A}.RelWithDebInfo|x64.ActiveCfg = RelWithDebInfo|x64
		{12E329FB-72C4-4D04-9904-F1315BCD378A}.RelWithDebInfo|x64.Build.0 = RelWithDebInfo|x64
		{89188C7D-963D-46FA-92A3-3A6919D25356}.Debug|x64.ActiveCfg = Debug|x64
		{89188C7D-963D-46FA-92A3-3A6919D25356}.Debug|x64.Build.0 = Debug|x64
		{89188C7D-963D-46FA-92A3-3A6919D25356}.Release|x64.ActiveCfg = Release|x64
		{89188C7D-963D-46FA-92A3-3A6919D25356}.Release|x64.Build.0 = Release|x64
		{89188C7D-963D-46FA-92A3-3A6919D25356}.MinSizeRel|x64.ActiveCfg = MinSizeRel|x64
		{89188C7D-963D-46FA-92A3-3A6919D25356}.MinSizeRel|x64.Build.0 = MinSizeRel|x64
		{89188C7D-963D-46FA-92A3-3A6919D25356}.RelWithDebInfo|x64.ActiveCfg = RelWithDebInfo|x64
		{89188C7D-963D-46FA-92A3-3A6919D25356}.RelWithDebInfo|x64.Build.0 = RelWithDebInfo|x64
		{D2A07189-A9A3-4ABB-BA6C-9065A3F885C9}.Debug|x64.ActiveCfg = Debug|x64
		{D2A07189-A9A3-4ABB-BA6C-9065A3F885C9}.Debug|x64.Build.0 = Debug|x64
		{D2A07189-A9A3-4ABB-BA6C-9065A3F885C9}.Release|x64.ActiveCfg = Release|x64
		{D2A07189-A9A3-4ABB-BA6C-9065A3F885C9}.Release|x64.Build.0 = Release|x64
		{D2A07189-A9A3-4ABB-BA6C-9065A3F885C9}.MinSizeRel|x64.ActiveCfg = MinSizeRel|x64
		{D2A07189-A9A3-4ABB-BA6C-9065A3F885C9}.MinSizeRel|x64.Build.0 = MinSizeRel|x64
		{D2A07189-A9A3-4ABB-BA6C-9065A3F885C9}.RelWithDebInfo|x64.ActiveCfg = RelWithDebInfo|x64
		{D2A07189-A9A3-4ABB-BA6C-9065A3F885C9}.RelWithDebInfo|x64.Build.0 = RelWithDebInfo|x64
		{300F70EA-4406-4E9A-9F9F-5DE3F3F778CA}.Debug|x64.ActiveCfg = Debug|x64
		{300F70EA-4406-4E9A-9F9F-5DE3F3F778CA}.Debug|x64.Build.0 = Debug|x64
		{300F70EA-4406-4E9A-9F9F-5DE3F3F778CA}.Release|x64.ActiveCfg = Release|x64
		{300F70EA-4406-4E9A-9F9F-5DE3F3F778CA}.Release|x64.Build.0 = Release|x64
		{300F70EA-4406-4E9A-9F9F-5DE3F3F778CA}.MinSizeRel|x64.ActiveCfg = MinSizeRel|x64
		{300F70EA-4406-4E9A-9F9F-5DE3F3F778CA}.MinSizeRel|x64.Build.0 = MinSizeRel|x64
		{300F70EA-4406-4E9A-9F9F-5DE3F3F778CA}.RelWithDebInfo|x64.ActiveCfg = RelWithDebInfo|x64
		{300F70EA-4406-4E9A-9F9F-5DE3F3F778CA}.RelWithDebInfo|x64.Build.0 = RelWithDebInfo|x64
		{07E012AB-A4DE-4519-AF77-5AA5F4EB7C19}.Debug|x64.ActiveCfg = Debug|x64
		{07E012AB-A4DE-4519-AF77-5AA5F4EB7C19}.Release|x64.ActiveCfg = Release|x64
		{07E012AB-A4DE-4519-AF77-5AA5F4EB7C19}.MinSizeRel|x64.ActiveCfg = MinSizeRel|x64
		{07E012AB-A4DE-4519-AF77-5AA5F4EB7C19}.RelWithDebInfo|x64.ActiveCfg = RelWithDebInfo|x64
		{6E684320-D046-42AD-92D4-6076365652FA}.Debug|x64.ActiveCfg = Debug|x64
		{6E684320-D046-42AD-92D4-6076365652FA}.Debug|x64.Build.0 = Debug|x64
		{6E684320-D046-42AD-92D4-6076365652FA}.Release|x64.ActiveCfg = Release|x64
		{6E684320-D046-42AD-92D4-6076365652FA}.Release|x64.Build.0 = Release|x64
		{6E684320-D046-42AD-92D4-6076365652FA}.MinSizeRel|x64.ActiveCfg = MinSizeRel|x64
		{6E684320-D046-42AD-92D4-6076365652FA}.MinSizeRel|x64.Build.0 = MinSizeRel|x64
		{6E684320-D046-42AD-92D4-6076365652FA}.RelWithDebInfo|x64.ActiveCfg = RelWithDebInfo|x64
		{6E684320-D046-42AD-92D4-6076365652FA}.RelWithDebInfo|x64.Build.0 = RelWithDebInfo|x64
		{6FD19846-CC59-4F15-A588-0C9B3C1C3B67}.Debug|x64.ActiveCfg = Debug|x64
		{6FD19846-CC59-4F15-A588-0C9B3C1C3B67}.Debug|x64.Build.0 = Debug|x64
		{6FD19846-CC59-4F15-A588-0C9B3C1C3B67}.Release|x64.ActiveCfg = Release|x64
		{6FD19846-CC59-4F15-A588-0C9B3C1C3B67}.Release|x64.Build.0 = Release|x64
		{6FD19846-CC59-4F15-A588-0C9B3C1C3B67}.MinSizeRel|x64.ActiveCfg = MinSizeRel|x64
		{6FD19846-CC59-4F15-A588-0C9B3C1C3B67}.MinSizeRel|x64.Build.0 = MinSizeRel|x64
		{6FD19846-CC59-4F15-A588-0C9B3C1C3B67}.RelWithDebInfo|x64.ActiveCfg = RelWithDebInfo|x64
		{6FD19846-CC59-4F15-A588-0C9B3C1C3B67}.RelWithDebInfo|x64.Build.0 = RelWithDebInfo|x64
	EndGlobalSection
	GlobalSection(ExtensibilityGlobals) = postSolution
	EndGlobalSection
	GlobalSection(ExtensibilityAddIns) = postSolution
	EndGlobalSection
EndGlobal
